// !$*UTF8*$!
{
	archiveVersion = 1;
	classes = {
	};
	objectVersion = 50;
	objects = {

/* Begin PBXBuildFile section */
		4F877228A0C1FEB041C5D49F /* Pods_Tourgid.framework in Frameworks */ = {isa = PBXBuildFile; fileRef = 776EB716F98D4678813BF9AA /* Pods_Tourgid.framework */; };
		CE9A1134233DA7D8006860BF /* AppDelegate.swift in Sources */ = {isa = PBXBuildFile; fileRef = CE9A1133233DA7D8006860BF /* AppDelegate.swift */; };
		CE9A1136233DA7D8006860BF /* SceneDelegate.swift in Sources */ = {isa = PBXBuildFile; fileRef = CE9A1135233DA7D8006860BF /* SceneDelegate.swift */; };
		CE9A1138233DA7D8006860BF /* ViewController.swift in Sources */ = {isa = PBXBuildFile; fileRef = CE9A1137233DA7D8006860BF /* ViewController.swift */; };
		CE9A113B233DA7D8006860BF /* Main.storyboard in Resources */ = {isa = PBXBuildFile; fileRef = CE9A1139233DA7D8006860BF /* Main.storyboard */; };
		CE9A113E233DA7D8006860BF /* Tourgid.xcdatamodeld in Sources */ = {isa = PBXBuildFile; fileRef = CE9A113C233DA7D8006860BF /* Tourgid.xcdatamodeld */; };
		CE9A1140233DA7D9006860BF /* Assets.xcassets in Resources */ = {isa = PBXBuildFile; fileRef = CE9A113F233DA7D9006860BF /* Assets.xcassets */; };
		CE9A1143233DA7D9006860BF /* LaunchScreen.storyboard in Resources */ = {isa = PBXBuildFile; fileRef = CE9A1141233DA7D9006860BF /* LaunchScreen.storyboard */; };
		CE9A114E233DA7D9006860BF /* TourgidTests.swift in Sources */ = {isa = PBXBuildFile; fileRef = CE9A114D233DA7D9006860BF /* TourgidTests.swift */; };
		CE9A1159233DA7D9006860BF /* TourgidUITests.swift in Sources */ = {isa = PBXBuildFile; fileRef = CE9A1158233DA7D9006860BF /* TourgidUITests.swift */; };
		CE9A1168233DB500006860BF /* MapKit.framework in Frameworks */ = {isa = PBXBuildFile; fileRef = CE9A1167233DB500006860BF /* MapKit.framework */; };
		E771C96F395D24D3A318D8C9 /* Pods_TourgidTests.framework in Frameworks */ = {isa = PBXBuildFile; fileRef = B1A12C0F6DF79D4AE36D1EC1 /* Pods_TourgidTests.framework */; };
		F1A462C3B4AAD1AC42F287FD /* Pods_Tourgid_TourgidUITests.framework in Frameworks */ = {isa = PBXBuildFile; fileRef = BEFB37AB18E3395B2E5DCE07 /* Pods_Tourgid_TourgidUITests.framework */; };
/* End PBXBuildFile section */

/* Begin PBXContainerItemProxy section */
		CE9A114A233DA7D9006860BF /* PBXContainerItemProxy */ = {
			isa = PBXContainerItemProxy;
			containerPortal = CE9A1128233DA7D8006860BF /* Project object */;
			proxyType = 1;
			remoteGlobalIDString = CE9A112F233DA7D8006860BF;
			remoteInfo = Tourgid;
		};
		CE9A1155233DA7D9006860BF /* PBXContainerItemProxy */ = {
			isa = PBXContainerItemProxy;
			containerPortal = CE9A1128233DA7D8006860BF /* Project object */;
			proxyType = 1;
			remoteGlobalIDString = CE9A112F233DA7D8006860BF;
			remoteInfo = Tourgid;
		};
/* End PBXContainerItemProxy section */

/* Begin PBXFileReference section */
		315EE862CBA066EFFB83F4BD /* Pods-Tourgid-TourgidUITests.debug.xcconfig */ = {isa = PBXFileReference; includeInIndex = 1; lastKnownFileType = text.xcconfig; name = "Pods-Tourgid-TourgidUITests.debug.xcconfig"; path = "Target Support Files/Pods-Tourgid-TourgidUITests/Pods-Tourgid-TourgidUITests.debug.xcconfig"; sourceTree = "<group>"; };
		6574D112AE32696564EFBA83 /* Pods-TourgidTests.debug.xcconfig */ = {isa = PBXFileReference; includeInIndex = 1; lastKnownFileType = text.xcconfig; name = "Pods-TourgidTests.debug.xcconfig"; path = "Target Support Files/Pods-TourgidTests/Pods-TourgidTests.debug.xcconfig"; sourceTree = "<group>"; };
		776EB716F98D4678813BF9AA /* Pods_Tourgid.framework */ = {isa = PBXFileReference; explicitFileType = wrapper.framework; includeInIndex = 0; path = Pods_Tourgid.framework; sourceTree = BUILT_PRODUCTS_DIR; };
		A544D27C2C0C6B144F2A0779 /* Pods-Tourgid.release.xcconfig */ = {isa = PBXFileReference; includeInIndex = 1; lastKnownFileType = text.xcconfig; name = "Pods-Tourgid.release.xcconfig"; path = "Target Support Files/Pods-Tourgid/Pods-Tourgid.release.xcconfig"; sourceTree = "<group>"; };
		B1A12C0F6DF79D4AE36D1EC1 /* Pods_TourgidTests.framework */ = {isa = PBXFileReference; explicitFileType = wrapper.framework; includeInIndex = 0; path = Pods_TourgidTests.framework; sourceTree = BUILT_PRODUCTS_DIR; };
		B4AE281189E6092B626F270B /* Pods-Tourgid.debug.xcconfig */ = {isa = PBXFileReference; includeInIndex = 1; lastKnownFileType = text.xcconfig; name = "Pods-Tourgid.debug.xcconfig"; path = "Target Support Files/Pods-Tourgid/Pods-Tourgid.debug.xcconfig"; sourceTree = "<group>"; };
		BEFB37AB18E3395B2E5DCE07 /* Pods_Tourgid_TourgidUITests.framework */ = {isa = PBXFileReference; explicitFileType = wrapper.framework; includeInIndex = 0; path = Pods_Tourgid_TourgidUITests.framework; sourceTree = BUILT_PRODUCTS_DIR; };
		CBCB91A5E72C21CF0068675A /* Pods-TourgidTests.release.xcconfig */ = {isa = PBXFileReference; includeInIndex = 1; lastKnownFileType = text.xcconfig; name = "Pods-TourgidTests.release.xcconfig"; path = "Target Support Files/Pods-TourgidTests/Pods-TourgidTests.release.xcconfig"; sourceTree = "<group>"; };
		CE9A1130233DA7D8006860BF /* Tourgid.app */ = {isa = PBXFileReference; explicitFileType = wrapper.application; includeInIndex = 0; path = Tourgid.app; sourceTree = BUILT_PRODUCTS_DIR; };
		CE9A1133233DA7D8006860BF /* AppDelegate.swift */ = {isa = PBXFileReference; lastKnownFileType = sourcecode.swift; path = AppDelegate.swift; sourceTree = "<group>"; };
		CE9A1135233DA7D8006860BF /* SceneDelegate.swift */ = {isa = PBXFileReference; lastKnownFileType = sourcecode.swift; path = SceneDelegate.swift; sourceTree = "<group>"; };
		CE9A1137233DA7D8006860BF /* ViewController.swift */ = {isa = PBXFileReference; lastKnownFileType = sourcecode.swift; path = ViewController.swift; sourceTree = "<group>"; };
		CE9A113A233DA7D8006860BF /* Base */ = {isa = PBXFileReference; lastKnownFileType = file.storyboard; name = Base; path = Base.lproj/Main.storyboard; sourceTree = "<group>"; };
		CE9A113D233DA7D8006860BF /* Tourgid.xcdatamodel */ = {isa = PBXFileReference; lastKnownFileType = wrapper.xcdatamodel; path = Tourgid.xcdatamodel; sourceTree = "<group>"; };
		CE9A113F233DA7D9006860BF /* Assets.xcassets */ = {isa = PBXFileReference; lastKnownFileType = folder.assetcatalog; path = Assets.xcassets; sourceTree = "<group>"; };
		CE9A1142233DA7D9006860BF /* Base */ = {isa = PBXFileReference; lastKnownFileType = file.storyboard; name = Base; path = Base.lproj/LaunchScreen.storyboard; sourceTree = "<group>"; };
		CE9A1144233DA7D9006860BF /* Info.plist */ = {isa = PBXFileReference; lastKnownFileType = text.plist.xml; path = Info.plist; sourceTree = "<group>"; };
		CE9A1149233DA7D9006860BF /* TourgidTests.xctest */ = {isa = PBXFileReference; explicitFileType = wrapper.cfbundle; includeInIndex = 0; path = TourgidTests.xctest; sourceTree = BUILT_PRODUCTS_DIR; };
		CE9A114D233DA7D9006860BF /* TourgidTests.swift */ = {isa = PBXFileReference; lastKnownFileType = sourcecode.swift; path = TourgidTests.swift; sourceTree = "<group>"; };
		CE9A114F233DA7D9006860BF /* Info.plist */ = {isa = PBXFileReference; lastKnownFileType = text.plist.xml; path = Info.plist; sourceTree = "<group>"; };
		CE9A1154233DA7D9006860BF /* TourgidUITests.xctest */ = {isa = PBXFileReference; explicitFileType = wrapper.cfbundle; includeInIndex = 0; path = TourgidUITests.xctest; sourceTree = BUILT_PRODUCTS_DIR; };
		CE9A1158233DA7D9006860BF /* TourgidUITests.swift */ = {isa = PBXFileReference; lastKnownFileType = sourcecode.swift; path = TourgidUITests.swift; sourceTree = "<group>"; };
		CE9A115A233DA7D9006860BF /* Info.plist */ = {isa = PBXFileReference; lastKnownFileType = text.plist.xml; path = Info.plist; sourceTree = "<group>"; };
		CE9A1167233DB500006860BF /* MapKit.framework */ = {isa = PBXFileReference; lastKnownFileType = wrapper.framework; name = MapKit.framework; path = System/Library/Frameworks/MapKit.framework; sourceTree = SDKROOT; };
		F8522599B4CC45223DAB28E1 /* Pods-Tourgid-TourgidUITests.release.xcconfig */ = {isa = PBXFileReference; includeInIndex = 1; lastKnownFileType = text.xcconfig; name = "Pods-Tourgid-TourgidUITests.release.xcconfig"; path = "Target Support Files/Pods-Tourgid-TourgidUITests/Pods-Tourgid-TourgidUITests.release.xcconfig"; sourceTree = "<group>"; };
/* End PBXFileReference section */

/* Begin PBXFrameworksBuildPhase section */
		CE9A112D233DA7D8006860BF /* Frameworks */ = {
			isa = PBXFrameworksBuildPhase;
			buildActionMask = 2147483647;
			files = (
				CE9A1168233DB500006860BF /* MapKit.framework in Frameworks */,
				4F877228A0C1FEB041C5D49F /* Pods_Tourgid.framework in Frameworks */,
			);
			runOnlyForDeploymentPostprocessing = 0;
		};
		CE9A1146233DA7D9006860BF /* Frameworks */ = {
			isa = PBXFrameworksBuildPhase;
			buildActionMask = 2147483647;
			files = (
				E771C96F395D24D3A318D8C9 /* Pods_TourgidTests.framework in Frameworks */,
			);
			runOnlyForDeploymentPostprocessing = 0;
		};
		CE9A1151233DA7D9006860BF /* Frameworks */ = {
			isa = PBXFrameworksBuildPhase;
			buildActionMask = 2147483647;
			files = (
				F1A462C3B4AAD1AC42F287FD /* Pods_Tourgid_TourgidUITests.framework in Frameworks */,
			);
			runOnlyForDeploymentPostprocessing = 0;
		};
/* End PBXFrameworksBuildPhase section */

/* Begin PBXGroup section */
		0A85927097B8D7C03E41A51E /* Pods */ = {
			isa = PBXGroup;
			children = (
				B4AE281189E6092B626F270B /* Pods-Tourgid.debug.xcconfig */,
				A544D27C2C0C6B144F2A0779 /* Pods-Tourgid.release.xcconfig */,
				315EE862CBA066EFFB83F4BD /* Pods-Tourgid-TourgidUITests.debug.xcconfig */,
				F8522599B4CC45223DAB28E1 /* Pods-Tourgid-TourgidUITests.release.xcconfig */,
				6574D112AE32696564EFBA83 /* Pods-TourgidTests.debug.xcconfig */,
				CBCB91A5E72C21CF0068675A /* Pods-TourgidTests.release.xcconfig */,
			);
			name = Pods;
			path = Pods;
			sourceTree = "<group>";
		};
		CE9A1127233DA7D8006860BF = {
			isa = PBXGroup;
			children = (
				CE9A1132233DA7D8006860BF /* Tourgid */,
				CE9A114C233DA7D9006860BF /* TourgidTests */,
				CE9A1157233DA7D9006860BF /* TourgidUITests */,
				CE9A1131233DA7D8006860BF /* Products */,
				CE9A1166233DB500006860BF /* Frameworks */,
				0A85927097B8D7C03E41A51E /* Pods */,
			);
			sourceTree = "<group>";
		};
		CE9A1131233DA7D8006860BF /* Products */ = {
			isa = PBXGroup;
			children = (
				CE9A1130233DA7D8006860BF /* Tourgid.app */,
				CE9A1149233DA7D9006860BF /* TourgidTests.xctest */,
				CE9A1154233DA7D9006860BF /* TourgidUITests.xctest */,
			);
			name = Products;
			sourceTree = "<group>";
		};
		CE9A1132233DA7D8006860BF /* Tourgid */ = {
			isa = PBXGroup;
			children = (
				CE9A1133233DA7D8006860BF /* AppDelegate.swift */,
				CE9A1135233DA7D8006860BF /* SceneDelegate.swift */,
				CE9A1137233DA7D8006860BF /* ViewController.swift */,
				CE9A1139233DA7D8006860BF /* Main.storyboard */,
				CE9A113F233DA7D9006860BF /* Assets.xcassets */,
				CE9A1141233DA7D9006860BF /* LaunchScreen.storyboard */,
				CE9A1144233DA7D9006860BF /* Info.plist */,
				CE9A113C233DA7D8006860BF /* Tourgid.xcdatamodeld */,
			);
			path = Tourgid;
			sourceTree = "<group>";
		};
		CE9A114C233DA7D9006860BF /* TourgidTests */ = {
			isa = PBXGroup;
			children = (
				CE9A114D233DA7D9006860BF /* TourgidTests.swift */,
				CE9A114F233DA7D9006860BF /* Info.plist */,
			);
			path = TourgidTests;
			sourceTree = "<group>";
		};
		CE9A1157233DA7D9006860BF /* TourgidUITests */ = {
			isa = PBXGroup;
			children = (
				CE9A1158233DA7D9006860BF /* TourgidUITests.swift */,
				CE9A115A233DA7D9006860BF /* Info.plist */,
			);
			path = TourgidUITests;
			sourceTree = "<group>";
		};
		CE9A1166233DB500006860BF /* Frameworks */ = {
			isa = PBXGroup;
			children = (
				CE9A1167233DB500006860BF /* MapKit.framework */,
				776EB716F98D4678813BF9AA /* Pods_Tourgid.framework */,
				BEFB37AB18E3395B2E5DCE07 /* Pods_Tourgid_TourgidUITests.framework */,
				B1A12C0F6DF79D4AE36D1EC1 /* Pods_TourgidTests.framework */,
			);
			name = Frameworks;
			sourceTree = "<group>";
		};
/* End PBXGroup section */

/* Begin PBXNativeTarget section */
		CE9A112F233DA7D8006860BF /* Tourgid */ = {
			isa = PBXNativeTarget;
			buildConfigurationList = CE9A115D233DA7D9006860BF /* Build configuration list for PBXNativeTarget "Tourgid" */;
			buildPhases = (
				8795F9832D2839ED5B9D8F92 /* [CP] Check Pods Manifest.lock */,
				CE9A112C233DA7D8006860BF /* Sources */,
				CE9A112D233DA7D8006860BF /* Frameworks */,
				CE9A112E233DA7D8006860BF /* Resources */,
				0B089581C90DE7BA1DE150CF /* [CP] Copy Pods Resources */,
			);
			buildRules = (
			);
			dependencies = (
			);
			name = Tourgid;
			productName = Tourgid;
			productReference = CE9A1130233DA7D8006860BF /* Tourgid.app */;
			productType = "com.apple.product-type.application";
		};
		CE9A1148233DA7D9006860BF /* TourgidTests */ = {
			isa = PBXNativeTarget;
			buildConfigurationList = CE9A1160233DA7D9006860BF /* Build configuration list for PBXNativeTarget "TourgidTests" */;
			buildPhases = (
				5C705A6985724CD34AC25F4C /* [CP] Check Pods Manifest.lock */,
				CE9A1145233DA7D9006860BF /* Sources */,
				CE9A1146233DA7D9006860BF /* Frameworks */,
				CE9A1147233DA7D9006860BF /* Resources */,
			);
			buildRules = (
			);
			dependencies = (
				CE9A114B233DA7D9006860BF /* PBXTargetDependency */,
			);
			name = TourgidTests;
			productName = TourgidTests;
			productReference = CE9A1149233DA7D9006860BF /* TourgidTests.xctest */;
			productType = "com.apple.product-type.bundle.unit-test";
		};
		CE9A1153233DA7D9006860BF /* TourgidUITests */ = {
			isa = PBXNativeTarget;
			buildConfigurationList = CE9A1163233DA7D9006860BF /* Build configuration list for PBXNativeTarget "TourgidUITests" */;
			buildPhases = (
				A9303417E1A022599FBDB701 /* [CP] Check Pods Manifest.lock */,
				CE9A1150233DA7D9006860BF /* Sources */,
				CE9A1151233DA7D9006860BF /* Frameworks */,
				CE9A1152233DA7D9006860BF /* Resources */,
				E643325095FBAB2A35F9B5CE /* [CP] Copy Pods Resources */,
			);
			buildRules = (
			);
			dependencies = (
				CE9A1156233DA7D9006860BF /* PBXTargetDependency */,
			);
			name = TourgidUITests;
			productName = TourgidUITests;
			productReference = CE9A1154233DA7D9006860BF /* TourgidUITests.xctest */;
			productType = "com.apple.product-type.bundle.ui-testing";
		};
/* End PBXNativeTarget section */

/* Begin PBXProject section */
		CE9A1128233DA7D8006860BF /* Project object */ = {
			isa = PBXProject;
			attributes = {
				LastSwiftUpdateCheck = 1100;
				LastUpgradeCheck = 1100;
				ORGANIZATIONNAME = "Akysh Akan";
				TargetAttributes = {
					CE9A112F233DA7D8006860BF = {
						CreatedOnToolsVersion = 11.0;
					};
					CE9A1148233DA7D9006860BF = {
						CreatedOnToolsVersion = 11.0;
						TestTargetID = CE9A112F233DA7D8006860BF;
					};
					CE9A1153233DA7D9006860BF = {
						CreatedOnToolsVersion = 11.0;
						TestTargetID = CE9A112F233DA7D8006860BF;
					};
				};
			};
			buildConfigurationList = CE9A112B233DA7D8006860BF /* Build configuration list for PBXProject "Tourgid" */;
			compatibilityVersion = "Xcode 9.3";
			developmentRegion = en;
			hasScannedForEncodings = 0;
			knownRegions = (
				en,
				Base,
			);
			mainGroup = CE9A1127233DA7D8006860BF;
			productRefGroup = CE9A1131233DA7D8006860BF /* Products */;
			projectDirPath = "";
			projectRoot = "";
			targets = (
				CE9A112F233DA7D8006860BF /* Tourgid */,
				CE9A1148233DA7D9006860BF /* TourgidTests */,
				CE9A1153233DA7D9006860BF /* TourgidUITests */,
			);
		};
/* End PBXProject section */

/* Begin PBXResourcesBuildPhase section */
		CE9A112E233DA7D8006860BF /* Resources */ = {
			isa = PBXResourcesBuildPhase;
			buildActionMask = 2147483647;
			files = (
				CE9A1143233DA7D9006860BF /* LaunchScreen.storyboard in Resources */,
				CE9A1140233DA7D9006860BF /* Assets.xcassets in Resources */,
				CE9A113B233DA7D8006860BF /* Main.storyboard in Resources */,
			);
			runOnlyForDeploymentPostprocessing = 0;
		};
		CE9A1147233DA7D9006860BF /* Resources */ = {
			isa = PBXResourcesBuildPhase;
			buildActionMask = 2147483647;
			files = (
			);
			runOnlyForDeploymentPostprocessing = 0;
		};
		CE9A1152233DA7D9006860BF /* Resources */ = {
			isa = PBXResourcesBuildPhase;
			buildActionMask = 2147483647;
			files = (
			);
			runOnlyForDeploymentPostprocessing = 0;
		};
/* End PBXResourcesBuildPhase section */

/* Begin PBXShellScriptBuildPhase section */
		0B089581C90DE7BA1DE150CF /* [CP] Copy Pods Resources */ = {
			isa = PBXShellScriptBuildPhase;
			buildActionMask = 2147483647;
			files = (
			);
			inputFileListPaths = (
				"${PODS_ROOT}/Target Support Files/Pods-Tourgid/Pods-Tourgid-resources-${CONFIGURATION}-input-files.xcfilelist",
			);
			name = "[CP] Copy Pods Resources";
			outputFileListPaths = (
				"${PODS_ROOT}/Target Support Files/Pods-Tourgid/Pods-Tourgid-resources-${CONFIGURATION}-output-files.xcfilelist",
			);
			runOnlyForDeploymentPostprocessing = 0;
			shellPath = /bin/sh;
			shellScript = "\"${PODS_ROOT}/Target Support Files/Pods-Tourgid/Pods-Tourgid-resources.sh\"\n";
			showEnvVarsInLog = 0;
		};
		5C705A6985724CD34AC25F4C /* [CP] Check Pods Manifest.lock */ = {
			isa = PBXShellScriptBuildPhase;
			buildActionMask = 2147483647;
			files = (
			);
			inputFileListPaths = (
			);
			inputPaths = (
				"${PODS_PODFILE_DIR_PATH}/Podfile.lock",
				"${PODS_ROOT}/Manifest.lock",
			);
			name = "[CP] Check Pods Manifest.lock";
			outputFileListPaths = (
			);
			outputPaths = (
				"$(DERIVED_FILE_DIR)/Pods-TourgidTests-checkManifestLockResult.txt",
			);
			runOnlyForDeploymentPostprocessing = 0;
			shellPath = /bin/sh;
			shellScript = "diff \"${PODS_PODFILE_DIR_PATH}/Podfile.lock\" \"${PODS_ROOT}/Manifest.lock\" > /dev/null\nif [ $? != 0 ] ; then\n    # print error to STDERR\n    echo \"error: The sandbox is not in sync with the Podfile.lock. Run 'pod install' or update your CocoaPods installation.\" >&2\n    exit 1\nfi\n# This output is used by Xcode 'outputs' to avoid re-running this script phase.\necho \"SUCCESS\" > \"${SCRIPT_OUTPUT_FILE_0}\"\n";
			showEnvVarsInLog = 0;
		};
		8795F9832D2839ED5B9D8F92 /* [CP] Check Pods Manifest.lock */ = {
			isa = PBXShellScriptBuildPhase;
			buildActionMask = 2147483647;
			files = (
			);
			inputFileListPaths = (
			);
			inputPaths = (
				"${PODS_PODFILE_DIR_PATH}/Podfile.lock",
				"${PODS_ROOT}/Manifest.lock",
			);
			name = "[CP] Check Pods Manifest.lock";
			outputFileListPaths = (
			);
			outputPaths = (
				"$(DERIVED_FILE_DIR)/Pods-Tourgid-checkManifestLockResult.txt",
			);
			runOnlyForDeploymentPostprocessing = 0;
			shellPath = /bin/sh;
			shellScript = "diff \"${PODS_PODFILE_DIR_PATH}/Podfile.lock\" \"${PODS_ROOT}/Manifest.lock\" > /dev/null\nif [ $? != 0 ] ; then\n    # print error to STDERR\n    echo \"error: The sandbox is not in sync with the Podfile.lock. Run 'pod install' or update your CocoaPods installation.\" >&2\n    exit 1\nfi\n# This output is used by Xcode 'outputs' to avoid re-running this script phase.\necho \"SUCCESS\" > \"${SCRIPT_OUTPUT_FILE_0}\"\n";
			showEnvVarsInLog = 0;
		};
		A9303417E1A022599FBDB701 /* [CP] Check Pods Manifest.lock */ = {
			isa = PBXShellScriptBuildPhase;
			buildActionMask = 2147483647;
			files = (
			);
			inputFileListPaths = (
			);
			inputPaths = (
				"${PODS_PODFILE_DIR_PATH}/Podfile.lock",
				"${PODS_ROOT}/Manifest.lock",
			);
			name = "[CP] Check Pods Manifest.lock";
			outputFileListPaths = (
			);
			outputPaths = (
				"$(DERIVED_FILE_DIR)/Pods-Tourgid-TourgidUITests-checkManifestLockResult.txt",
			);
			runOnlyForDeploymentPostprocessing = 0;
			shellPath = /bin/sh;
			shellScript = "diff \"${PODS_PODFILE_DIR_PATH}/Podfile.lock\" \"${PODS_ROOT}/Manifest.lock\" > /dev/null\nif [ $? != 0 ] ; then\n    # print error to STDERR\n    echo \"error: The sandbox is not in sync with the Podfile.lock. Run 'pod install' or update your CocoaPods installation.\" >&2\n    exit 1\nfi\n# This output is used by Xcode 'outputs' to avoid re-running this script phase.\necho \"SUCCESS\" > \"${SCRIPT_OUTPUT_FILE_0}\"\n";
			showEnvVarsInLog = 0;
		};
		E643325095FBAB2A35F9B5CE /* [CP] Copy Pods Resources */ = {
			isa = PBXShellScriptBuildPhase;
			buildActionMask = 2147483647;
			files = (
			);
			inputFileListPaths = (
				"${PODS_ROOT}/Target Support Files/Pods-Tourgid-TourgidUITests/Pods-Tourgid-TourgidUITests-resources-${CONFIGURATION}-input-files.xcfilelist",
			);
			name = "[CP] Copy Pods Resources";
			outputFileListPaths = (
				"${PODS_ROOT}/Target Support Files/Pods-Tourgid-TourgidUITests/Pods-Tourgid-TourgidUITests-resources-${CONFIGURATION}-output-files.xcfilelist",
			);
			runOnlyForDeploymentPostprocessing = 0;
			shellPath = /bin/sh;
			shellScript = "\"${PODS_ROOT}/Target Support Files/Pods-Tourgid-TourgidUITests/Pods-Tourgid-TourgidUITests-resources.sh\"\n";
			showEnvVarsInLog = 0;
		};
/* End PBXShellScriptBuildPhase section */

/* Begin PBXSourcesBuildPhase section */
		CE9A112C233DA7D8006860BF /* Sources */ = {
			isa = PBXSourcesBuildPhase;
			buildActionMask = 2147483647;
			files = (
				CE9A1138233DA7D8006860BF /* ViewController.swift in Sources */,
				CE9A1134233DA7D8006860BF /* AppDelegate.swift in Sources */,
				CE9A113E233DA7D8006860BF /* Tourgid.xcdatamodeld in Sources */,
				CE9A1136233DA7D8006860BF /* SceneDelegate.swift in Sources */,
			);
			runOnlyForDeploymentPostprocessing = 0;
		};
		CE9A1145233DA7D9006860BF /* Sources */ = {
			isa = PBXSourcesBuildPhase;
			buildActionMask = 2147483647;
			files = (
				CE9A114E233DA7D9006860BF /* TourgidTests.swift in Sources */,
			);
			runOnlyForDeploymentPostprocessing = 0;
		};
		CE9A1150233DA7D9006860BF /* Sources */ = {
			isa = PBXSourcesBuildPhase;
			buildActionMask = 2147483647;
			files = (
				CE9A1159233DA7D9006860BF /* TourgidUITests.swift in Sources */,
			);
			runOnlyForDeploymentPostprocessing = 0;
		};
/* End PBXSourcesBuildPhase section */

/* Begin PBXTargetDependency section */
		CE9A114B233DA7D9006860BF /* PBXTargetDependency */ = {
			isa = PBXTargetDependency;
			target = CE9A112F233DA7D8006860BF /* Tourgid */;
			targetProxy = CE9A114A233DA7D9006860BF /* PBXContainerItemProxy */;
		};
		CE9A1156233DA7D9006860BF /* PBXTargetDependency */ = {
			isa = PBXTargetDependency;
			target = CE9A112F233DA7D8006860BF /* Tourgid */;
			targetProxy = CE9A1155233DA7D9006860BF /* PBXContainerItemProxy */;
		};
/* End PBXTargetDependency section */

/* Begin PBXVariantGroup section */
		CE9A1139233DA7D8006860BF /* Main.storyboard */ = {
			isa = PBXVariantGroup;
			children = (
				CE9A113A233DA7D8006860BF /* Base */,
			);
			name = Main.storyboard;
			sourceTree = "<group>";
		};
		CE9A1141233DA7D9006860BF /* LaunchScreen.storyboard */ = {
			isa = PBXVariantGroup;
			children = (
				CE9A1142233DA7D9006860BF /* Base */,
			);
			name = LaunchScreen.storyboard;
			sourceTree = "<group>";
		};
/* End PBXVariantGroup section */

/* Begin XCBuildConfiguration section */
		CE9A115B233DA7D9006860BF /* Debug */ = {
			isa = XCBuildConfiguration;
			buildSettings = {
				ALWAYS_SEARCH_USER_PATHS = NO;
				CLANG_ANALYZER_NONNULL = YES;
				CLANG_ANALYZER_NUMBER_OBJECT_CONVERSION = YES_AGGRESSIVE;
				CLANG_CXX_LANGUAGE_STANDARD = "gnu++14";
				CLANG_CXX_LIBRARY = "libc++";
				CLANG_ENABLE_MODULES = YES;
				CLANG_ENABLE_OBJC_ARC = YES;
				CLANG_ENABLE_OBJC_WEAK = YES;
				CLANG_WARN_BLOCK_CAPTURE_AUTORELEASING = YES;
				CLANG_WARN_BOOL_CONVERSION = YES;
				CLANG_WARN_COMMA = YES;
				CLANG_WARN_CONSTANT_CONVERSION = YES;
				CLANG_WARN_DEPRECATED_OBJC_IMPLEMENTATIONS = YES;
				CLANG_WARN_DIRECT_OBJC_ISA_USAGE = YES_ERROR;
				CLANG_WARN_DOCUMENTATION_COMMENTS = YES;
				CLANG_WARN_EMPTY_BODY = YES;
				CLANG_WARN_ENUM_CONVERSION = YES;
				CLANG_WARN_INFINITE_RECURSION = YES;
				CLANG_WARN_INT_CONVERSION = YES;
				CLANG_WARN_NON_LITERAL_NULL_CONVERSION = YES;
				CLANG_WARN_OBJC_IMPLICIT_RETAIN_SELF = YES;
				CLANG_WARN_OBJC_LITERAL_CONVERSION = YES;
				CLANG_WARN_OBJC_ROOT_CLASS = YES_ERROR;
				CLANG_WARN_RANGE_LOOP_ANALYSIS = YES;
				CLANG_WARN_STRICT_PROTOTYPES = YES;
				CLANG_WARN_SUSPICIOUS_MOVE = YES;
				CLANG_WARN_UNGUARDED_AVAILABILITY = YES_AGGRESSIVE;
				CLANG_WARN_UNREACHABLE_CODE = YES;
				CLANG_WARN__DUPLICATE_METHOD_MATCH = YES;
				COPY_PHASE_STRIP = NO;
				DEBUG_INFORMATION_FORMAT = dwarf;
				ENABLE_STRICT_OBJC_MSGSEND = YES;
				ENABLE_TESTABILITY = YES;
				GCC_C_LANGUAGE_STANDARD = gnu11;
				GCC_DYNAMIC_NO_PIC = NO;
				GCC_NO_COMMON_BLOCKS = YES;
				GCC_OPTIMIZATION_LEVEL = 0;
				GCC_PREPROCESSOR_DEFINITIONS = (
					"DEBUG=1",
					"$(inherited)",
				);
				GCC_WARN_64_TO_32_BIT_CONVERSION = YES;
				GCC_WARN_ABOUT_RETURN_TYPE = YES_ERROR;
				GCC_WARN_UNDECLARED_SELECTOR = YES;
				GCC_WARN_UNINITIALIZED_AUTOS = YES_AGGRESSIVE;
				GCC_WARN_UNUSED_FUNCTION = YES;
				GCC_WARN_UNUSED_VARIABLE = YES;
				IPHONEOS_DEPLOYMENT_TARGET = 13.0;
				MTL_ENABLE_DEBUG_INFO = INCLUDE_SOURCE;
				MTL_FAST_MATH = YES;
				ONLY_ACTIVE_ARCH = YES;
				SDKROOT = iphoneos;
				SWIFT_ACTIVE_COMPILATION_CONDITIONS = DEBUG;
				SWIFT_OPTIMIZATION_LEVEL = "-Onone";
			};
			name = Debug;
		};
		CE9A115C233DA7D9006860BF /* Release */ = {
			isa = XCBuildConfiguration;
			buildSettings = {
				ALWAYS_SEARCH_USER_PATHS = NO;
				CLANG_ANALYZER_NONNULL = YES;
				CLANG_ANALYZER_NUMBER_OBJECT_CONVERSION = YES_AGGRESSIVE;
				CLANG_CXX_LANGUAGE_STANDARD = "gnu++14";
				CLANG_CXX_LIBRARY = "libc++";
				CLANG_ENABLE_MODULES = YES;
				CLANG_ENABLE_OBJC_ARC = YES;
				CLANG_ENABLE_OBJC_WEAK = YES;
				CLANG_WARN_BLOCK_CAPTURE_AUTORELEASING = YES;
				CLANG_WARN_BOOL_CONVERSION = YES;
				CLANG_WARN_COMMA = YES;
				CLANG_WARN_CONSTANT_CONVERSION = YES;
				CLANG_WARN_DEPRECATED_OBJC_IMPLEMENTATIONS = YES;
				CLANG_WARN_DIRECT_OBJC_ISA_USAGE = YES_ERROR;
				CLANG_WARN_DOCUMENTATION_COMMENTS = YES;
				CLANG_WARN_EMPTY_BODY = YES;
				CLANG_WARN_ENUM_CONVERSION = YES;
				CLANG_WARN_INFINITE_RECURSION = YES;
				CLANG_WARN_INT_CONVERSION = YES;
				CLANG_WARN_NON_LITERAL_NULL_CONVERSION = YES;
				CLANG_WARN_OBJC_IMPLICIT_RETAIN_SELF = YES;
				CLANG_WARN_OBJC_LITERAL_CONVERSION = YES;
				CLANG_WARN_OBJC_ROOT_CLASS = YES_ERROR;
				CLANG_WARN_RANGE_LOOP_ANALYSIS = YES;
				CLANG_WARN_STRICT_PROTOTYPES = YES;
				CLANG_WARN_SUSPICIOUS_MOVE = YES;
				CLANG_WARN_UNGUARDED_AVAILABILITY = YES_AGGRESSIVE;
				CLANG_WARN_UNREACHABLE_CODE = YES;
				CLANG_WARN__DUPLICATE_METHOD_MATCH = YES;
				COPY_PHASE_STRIP = NO;
				DEBUG_INFORMATION_FORMAT = "dwarf-with-dsym";
				ENABLE_NS_ASSERTIONS = NO;
				ENABLE_STRICT_OBJC_MSGSEND = YES;
				GCC_C_LANGUAGE_STANDARD = gnu11;
				GCC_NO_COMMON_BLOCKS = YES;
				GCC_WARN_64_TO_32_BIT_CONVERSION = YES;
				GCC_WARN_ABOUT_RETURN_TYPE = YES_ERROR;
				GCC_WARN_UNDECLARED_SELECTOR = YES;
				GCC_WARN_UNINITIALIZED_AUTOS = YES_AGGRESSIVE;
				GCC_WARN_UNUSED_FUNCTION = YES;
				GCC_WARN_UNUSED_VARIABLE = YES;
				IPHONEOS_DEPLOYMENT_TARGET = 13.0;
				MTL_ENABLE_DEBUG_INFO = NO;
				MTL_FAST_MATH = YES;
				SDKROOT = iphoneos;
				SWIFT_COMPILATION_MODE = wholemodule;
				SWIFT_OPTIMIZATION_LEVEL = "-O";
				VALIDATE_PRODUCT = YES;
			};
			name = Release;
		};
		CE9A115E233DA7D9006860BF /* Debug */ = {
			isa = XCBuildConfiguration;
			baseConfigurationReference = B4AE281189E6092B626F270B /* Pods-Tourgid.debug.xcconfig */;
			buildSettings = {
				ASSETCATALOG_COMPILER_APPICON_NAME = AppIcon;
				CODE_SIGN_STYLE = Automatic;
				DEVELOPMENT_TEAM = 6HNL37WZ78;
				INFOPLIST_FILE = Tourgid/Info.plist;
				LD_RUNPATH_SEARCH_PATHS = (
					"$(inherited)",
					"@executable_path/Frameworks",
				);
				PRODUCT_BUNDLE_IDENTIFIER = Akysh.Akan.Tourgid;
				PRODUCT_NAME = "$(TARGET_NAME)";
				SWIFT_VERSION = 5.0;
				TARGETED_DEVICE_FAMILY = "1,2";
			};
			name = Debug;
		};
		CE9A115F233DA7D9006860BF /* Release */ = {
			isa = XCBuildConfiguration;
			baseConfigurationReference = A544D27C2C0C6B144F2A0779 /* Pods-Tourgid.release.xcconfig */;
			buildSettings = {
				ASSETCATALOG_COMPILER_APPICON_NAME = AppIcon;
				CODE_SIGN_STYLE = Automatic;
				DEVELOPMENT_TEAM = 6HNL37WZ78;
				INFOPLIST_FILE = Tourgid/Info.plist;
				LD_RUNPATH_SEARCH_PATHS = (
					"$(inherited)",
					"@executable_path/Frameworks",
				);
				PRODUCT_BUNDLE_IDENTIFIER = Akysh.Akan.Tourgid;
				PRODUCT_NAME = "$(TARGET_NAME)";
				SWIFT_VERSION = 5.0;
				TARGETED_DEVICE_FAMILY = "1,2";
			};
			name = Release;
		};
		CE9A1161233DA7D9006860BF /* Debug */ = {
			isa = XCBuildConfiguration;
			baseConfigurationReference = 6574D112AE32696564EFBA83 /* Pods-TourgidTests.debug.xcconfig */;
			buildSettings = {
				ALWAYS_EMBED_SWIFT_STANDARD_LIBRARIES = YES;
				BUNDLE_LOADER = "$(TEST_HOST)";
				CODE_SIGN_STYLE = Automatic;
				DEVELOPMENT_TEAM = 6HNL37WZ78;
				INFOPLIST_FILE = TourgidTests/Info.plist;
				IPHONEOS_DEPLOYMENT_TARGET = 13.0;
				LD_RUNPATH_SEARCH_PATHS = (
					"$(inherited)",
					"@executable_path/Frameworks",
					"@loader_path/Frameworks",
				);
				PRODUCT_BUNDLE_IDENTIFIER = Akysh.Akan.TourgidTests;
				PRODUCT_NAME = "$(TARGET_NAME)";
				SWIFT_VERSION = 5.0;
				TARGETED_DEVICE_FAMILY = "1,2";
				TEST_HOST = "$(BUILT_PRODUCTS_DIR)/Tourgid.app/Tourgid";
			};
			name = Debug;
		};
		CE9A1162233DA7D9006860BF /* Release */ = {
			isa = XCBuildConfiguration;
			baseConfigurationReference = CBCB91A5E72C21CF0068675A /* Pods-TourgidTests.release.xcconfig */;
			buildSettings = {
				ALWAYS_EMBED_SWIFT_STANDARD_LIBRARIES = YES;
				BUNDLE_LOADER = "$(TEST_HOST)";
				CODE_SIGN_STYLE = Automatic;
				DEVELOPMENT_TEAM = 6HNL37WZ78;
				INFOPLIST_FILE = TourgidTests/Info.plist;
				IPHONEOS_DEPLOYMENT_TARGET = 13.0;
				LD_RUNPATH_SEARCH_PATHS = (
					"$(inherited)",
					"@executable_path/Frameworks",
					"@loader_path/Frameworks",
				);
				PRODUCT_BUNDLE_IDENTIFIER = Akysh.Akan.TourgidTests;
				PRODUCT_NAME = "$(TARGET_NAME)";
				SWIFT_VERSION = 5.0;
				TARGETED_DEVICE_FAMILY = "1,2";
				TEST_HOST = "$(BUILT_PRODUCTS_DIR)/Tourgid.app/Tourgid";
			};
			name = Release;
		};
		CE9A1164233DA7D9006860BF /* Debug */ = {
			isa = XCBuildConfiguration;
			baseConfigurationReference = 315EE862CBA066EFFB83F4BD /* Pods-Tourgid-TourgidUITests.debug.xcconfig */;
			buildSettings = {
				ALWAYS_EMBED_SWIFT_STANDARD_LIBRARIES = YES;
				CODE_SIGN_STYLE = Automatic;
				DEVELOPMENT_TEAM = 6HNL37WZ78;
				INFOPLIST_FILE = TourgidUITests/Info.plist;
				LD_RUNPATH_SEARCH_PATHS = (
					"$(inherited)",
					"@executable_path/Frameworks",
					"@loader_path/Frameworks",
				);
				PRODUCT_BUNDLE_IDENTIFIER = Akysh.Akan.TourgidUITests;
				PRODUCT_NAME = "$(TARGET_NAME)";
				SWIFT_VERSION = 5.0;
				TARGETED_DEVICE_FAMILY = "1,2";
				TEST_TARGET_NAME = Tourgid;
			};
			name = Debug;
		};
		CE9A1165233DA7D9006860BF /* Release */ = {
			isa = XCBuildConfiguration;
			baseConfigurationReference = F8522599B4CC45223DAB28E1 /* Pods-Tourgid-TourgidUITests.release.xcconfig */;
			buildSettings = {
				ALWAYS_EMBED_SWIFT_STANDARD_LIBRARIES = YES;
				CODE_SIGN_STYLE = Automatic;
				DEVELOPMENT_TEAM = 6HNL37WZ78;
				INFOPLIST_FILE = TourgidUITests/Info.plist;
				LD_RUNPATH_SEARCH_PATHS = (
					"$(inherited)",
					"@executable_path/Frameworks",
					"@loader_path/Frameworks",
				);
				PRODUCT_BUNDLE_IDENTIFIER = Akysh.Akan.TourgidUITests;
				PRODUCT_NAME = "$(TARGET_NAME)";
				SWIFT_VERSION = 5.0;
				TARGETED_DEVICE_FAMILY = "1,2";
				TEST_TARGET_NAME = Tourgid;
			};
			name = Release;
		};
/* End XCBuildConfiguration section */

/* Begin XCConfigurationList section */
		CE9A112B233DA7D8006860BF /* Build configuration list for PBXProject "Tourgid" */ = {
			isa = XCConfigurationList;
			buildConfigurations = (
				CE9A115B233DA7D9006860BF /* Debug */,
				CE9A115C233DA7D9006860BF /* Release */,
			);
			defaultConfigurationIsVisible = 0;
			defaultConfigurationName = Release;
		};
		CE9A115D233DA7D9006860BF /* Build configuration list for PBXNativeTarget "Tourgid" */ = {
			isa = XCConfigurationList;
			buildConfigurations = (
				CE9A115E233DA7D9006860BF /* Debug */,
				CE9A115F233DA7D9006860BF /* Release */,
			);
			defaultConfigurationIsVisible = 0;
			defaultConfigurationName = Release;
		};
		CE9A1160233DA7D9006860BF /* Build configuration list for PBXNativeTarget "TourgidTests" */ = {
			isa = XCConfigurationList;
			buildConfigurations = (
				CE9A1161233DA7D9006860BF /* Debug */,
				CE9A1162233DA7D9006860BF /* Release */,
			);
			defaultConfigurationIsVisible = 0;
			defaultConfigurationName = Release;
		};
		CE9A1163233DA7D9006860BF /* Build configuration list for PBXNativeTarget "TourgidUITests" */ = {
			isa = XCConfigurationList;
			buildConfigurations = (
				CE9A1164233DA7D9006860BF /* Debug */,
				CE9A1165233DA7D9006860BF /* Release */,
			);
			defaultConfigurationIsVisible = 0;
			defaultConfigurationName = Release;
		};
/* End XCConfigurationList section */

/* Begin XCVersionGroup section */
		CE9A113C233DA7D8006860BF /* Tourgid.xcdatamodeld */ = {
			isa = XCVersionGroup;
			children = (
				CE9A113D233DA7D8006860BF /* Tourgid.xcdatamodel */,
			);
			currentVersion = CE9A113D233DA7D8006860BF /* Tourgid.xcdatamodel */;
			path = Tourgid.xcdatamodeld;
			sourceTree = "<group>";
			versionGroupType = wrapper.xcdatamodel;
		};
/* End XCVersionGroup section */
	};
	rootObject = CE9A1128233DA7D8006860BF /* Project object */;
}
